<?xml version="1.0" encoding="utf-8"?>
<Project ToolsVersion="17.0" xmlns="http://schemas.microsoft.com/developer/msbuild/2003">
  <ItemGroup>
    <ClCompile Include="C:\Users\Siobhan\Documents\gm_magent\gmod-module-base\examples\MetaTable\MetaTable.cpp">
      <Filter>Source Files</Filter>
    </ClCompile>
  </ItemGroup>
  <ItemGroup>
    <CustomBuild Include="C:\Users\Siobhan\Documents\gm_magent\gmod-module-base\examples\MetaTable\CMakeLists.txt" />
  </ItemGroup>
  <ItemGroup>
    <Filter Include="Source Files">
      <UniqueIdentifier>{10716ABD-7EB6-3D98-A528-62DCEEE7CFDA}</UniqueIdentifier>
    </Filter>
  </ItemGroup>
</Project>
